# This file is automatically @generated by Cargo.
# It is not intended for manual editing.
version = 3

[[package]]
name = "always_success"
version = "0.1.0"
dependencies = [
 "ckb-std",
]

[[package]]
name = "blake2b-ref"
version = "0.3.1"
source = "registry+https://github.com/rust-lang/crates.io-index"
checksum = "294d17c72e0ba59fad763caa112368d0672083779cdebbb97164f4bb4c1e339a"

[[package]]
name = "buddy-alloc"
version = "0.5.1"
source = "registry+https://github.com/rust-lang/crates.io-index"
checksum = "1f0d2da64a6a895d5a7e0724882825d50f83c13396b1b9f1878e19a024bab395"

[[package]]
name = "bytes"
version = "1.7.2"
source = "registry+https://github.com/rust-lang/crates.io-index"
checksum = "428d9aa8fbc0670b7b8d6030a7fadd0f86151cae55e4dbbece15f3780a3dfaf3"

[[package]]
name = "cc"
version = "1.0.79"
source = "registry+https://github.com/rust-lang/crates.io-index"
checksum = "50d30906286121d95be3d479533b458f87493b30a4b5f79a607db8f5d11aa91f"

[[package]]
name = "cfg-if"
version = "1.0.0"
source = "registry+https://github.com/rust-lang/crates.io-index"
checksum = "baf1de4339761588bc0619e3cbc0120ee582ebb74b53b4efbf79117bd2da40fd"

[[package]]
name = "ckb-gen-types"
version = "0.118.0"
source = "registry+https://github.com/rust-lang/crates.io-index"
checksum = "e0a7891f62f4ae4f018bfde91a46178c78491a1dfee740a20b994003a23f10af"
dependencies = [
 "cfg-if",
 "ckb-hash",
 "molecule",
]

[[package]]
name = "ckb-hash"
version = "0.118.0"
source = "registry+https://github.com/rust-lang/crates.io-index"
checksum = "d96b7aec74956ae5e79d0fc68e5903dc2b133c2c64644514485bbc9feb5367eb"
dependencies = [
 "blake2b-ref",
]

[[package]]
name = "ckb-std"
version = "0.16.0"
source = "git+https://github.com/nervosnetwork/ckb-std.git#b8f1f46ad3c1f105988cf911944942841ff60ed4"
dependencies = [
 "buddy-alloc",
 "cc",
 "ckb-gen-types",
 "gcd",
]

[[package]]
name = "ckb_pipe"
version = "0.1.0"
dependencies = [
 "ckb-std",
]

[[package]]
name = "exec"
version = "0.1.0"
dependencies = [
 "ckb-std",
 "log",
]

[[package]]
name = "gcd"
version = "2.3.0"
source = "registry+https://github.com/rust-lang/crates.io-index"
checksum = "1d758ba1b47b00caf47f24925c0074ecb20d6dfcffe7f6d53395c0465674841a"

[[package]]
name = "load_block_extension"
version = "0.1.0"
dependencies = [
 "ckb-std",
]

[[package]]
name = "log"
version = "0.4.22"
source = "registry+https://github.com/rust-lang/crates.io-index"
checksum = "a7a70ba024b9dc04c27ea2f0c0548feb474ec5c54bba33a7f72f873a39d07b24"

[[package]]
name = "loop_contract"
version = "0.1.0"
dependencies = [
 "ckb-std",
]

[[package]]
name = "molecule"
version = "0.8.0"
source = "registry+https://github.com/rust-lang/crates.io-index"
checksum = "6efe1c7efcd0bdf4ca590e104bcb13087d9968956ae4ae98e92fb8c1da0f3730"
dependencies = [
 "bytes",
 "cfg-if",
]

[[package]]
name = "rfc49_atomic"
version = "0.1.0"
dependencies = [
 "ckb-std",
]

[[package]]
name = "spawn_demo"
version = "0.1.0"
dependencies = [
 "ckb-std",
 "log",
]
